{
  "name": "web-css",
  "version": "1.0.0",
  "lockfileVersion": 1,
  "requires": true,
  "dependencies": {
    "convert-short": {
      "version": "1.0.3",
      "resolved": "https://registry.npmjs.org/convert-short/-/convert-short-1.0.3.tgz",
      "integrity": "sha512-u2QNVfJVnCfKn9ntCpZWFg8vpDqyA13eR4DA+t3LsekxM6IGy2mCdFvQHDszaGYuFSyZ+zqk7B2QA01ZlF8mRA=="
    }
  }
}
